
Microsoft Visual Studio Solution File, Format Version 12.00
# Visual Studio Version 17
VisualStudioVersion = 17.11.35312.102
MinimumVisualStudioVersion = 10.0.40219.1
Project("{FAE04EC0-301F-11D3-BF4B-00C04F79EFBC}") = "ShoppingBasket", "ShoppingBasket\ShoppingBasket.csproj", "{A10A2352-28B1-4C0A-87AF-F1C3EA996F29}"
EndProject
Project("{2150E333-8FDC-42A3-9474-1A3956D46DE8}") = "Api", "Api", "{02EA681E-C7D8-13C7-8484-4AC65E1B71E8}"
EndProject
Project("{2150E333-8FDC-42A3-9474-1A3956D46DE8}") = "Infrastructure", "Infrastructure", "{808575BD-FEAF-4E00-8213-7C4446CB4615}"
EndProject
Project("{2150E333-8FDC-42A3-9474-1A3956D46DE8}") = "Tests", "Tests", "{77314279-14ED-4336-8497-C96E5A489CB6}"
EndProject
Project("{2150E333-8FDC-42A3-9474-1A3956D46DE8}") = "Domain", "Domain", "{34399831-1D2A-4806-9E96-061688B055D1}"
EndProject
Project("{FAE04EC0-301F-11D3-BF4B-00C04F79EFBC}") = "Tests", "Tests\Tests.csproj", "{D92DC176-B98F-4AB6-90E8-8E759C36A051}"
EndProject
Project("{FAE04EC0-301F-11D3-BF4B-00C04F79EFBC}") = "Domain", "Domain\Domain.csproj", "{7CD34CC6-8F2E-4793-AC06-417C6874EE17}"
EndProject
Project("{FAE04EC0-301F-11D3-BF4B-00C04F79EFBC}") = "Infrastructure", "Infrastructure\Infrastructure.csproj", "{07CF7F53-FB9F-435F-AE00-78EA51E164C7}"
EndProject
Global
	GlobalSection(SolutionConfigurationPlatforms) = preSolution
		Debug|Any CPU = Debug|Any CPU
		Release|Any CPU = Release|Any CPU
	EndGlobalSection
	GlobalSection(ProjectConfigurationPlatforms) = postSolution
		{A10A2352-28B1-4C0A-87AF-F1C3EA996F29}.Debug|Any CPU.ActiveCfg = Debug|Any CPU
		{A10A2352-28B1-4C0A-87AF-F1C3EA996F29}.Debug|Any CPU.Build.0 = Debug|Any CPU
		{A10A2352-28B1-4C0A-87AF-F1C3EA996F29}.Release|Any CPU.ActiveCfg = Release|Any CPU
		{A10A2352-28B1-4C0A-87AF-F1C3EA996F29}.Release|Any CPU.Build.0 = Release|Any CPU
		{D92DC176-B98F-4AB6-90E8-8E759C36A051}.Debug|Any CPU.ActiveCfg = Debug|Any CPU
		{D92DC176-B98F-4AB6-90E8-8E759C36A051}.Debug|Any CPU.Build.0 = Debug|Any CPU
		{D92DC176-B98F-4AB6-90E8-8E759C36A051}.Release|Any CPU.ActiveCfg = Release|Any CPU
		{D92DC176-B98F-4AB6-90E8-8E759C36A051}.Release|Any CPU.Build.0 = Release|Any CPU
		{7CD34CC6-8F2E-4793-AC06-417C6874EE17}.Debug|Any CPU.ActiveCfg = Debug|Any CPU
		{7CD34CC6-8F2E-4793-AC06-417C6874EE17}.Debug|Any CPU.Build.0 = Debug|Any CPU
		{7CD34CC6-8F2E-4793-AC06-417C6874EE17}.Release|Any CPU.ActiveCfg = Release|Any CPU
		{7CD34CC6-8F2E-4793-AC06-417C6874EE17}.Release|Any CPU.Build.0 = Release|Any CPU
		{07CF7F53-FB9F-435F-AE00-78EA51E164C7}.Debug|Any CPU.ActiveCfg = Debug|Any CPU
		{07CF7F53-FB9F-435F-AE00-78EA51E164C7}.Debug|Any CPU.Build.0 = Debug|Any CPU
		{07CF7F53-FB9F-435F-AE00-78EA51E164C7}.Release|Any CPU.ActiveCfg = Release|Any CPU
		{07CF7F53-FB9F-435F-AE00-78EA51E164C7}.Release|Any CPU.Build.0 = Release|Any CPU
	EndGlobalSection
	GlobalSection(SolutionProperties) = preSolution
		HideSolutionNode = FALSE
	EndGlobalSection
	GlobalSection(NestedProjects) = preSolution
		{A10A2352-28B1-4C0A-87AF-F1C3EA996F29} = {02EA681E-C7D8-13C7-8484-4AC65E1B71E8}
		{D92DC176-B98F-4AB6-90E8-8E759C36A051} = {77314279-14ED-4336-8497-C96E5A489CB6}
		{7CD34CC6-8F2E-4793-AC06-417C6874EE17} = {34399831-1D2A-4806-9E96-061688B055D1}
		{07CF7F53-FB9F-435F-AE00-78EA51E164C7} = {808575BD-FEAF-4E00-8213-7C4446CB4615}
	EndGlobalSection
	GlobalSection(ExtensibilityGlobals) = postSolution
		SolutionGuid = {220D1F82-B577-40BC-B642-EC113CE69D57}
	EndGlobalSection
EndGlobal
